
Microsoft Visual Studio Solution File, Format Version 11.00
# Visual Studio 2010
Project("{FAE04EC0-301F-11D3-BF4B-00C04F79EFBC}") = "DKIM.Net", "DKIM.Net\DKIM.Net.csproj", "{1CFB14B2-E0FF-4491-820F-490CFFBAA47A}"
EndProject
Project("{FAE04EC0-301F-11D3-BF4B-00C04F79EFBC}") = "DKIM.Net.Tests", "DKIM.Net.Tests\DKIM.Net.Tests.csproj", "{DD761CA6-0CFE-4BD9-8DF5-4BBFFA4482F0}"
EndProject
Global
	GlobalSection(SolutionConfigurationPlatforms) = preSolution
		Debug|Any CPU = Debug|Any CPU
		Debug|Mixed Platforms = Debug|Mixed Platforms
		Debug|x86 = Debug|x86
		Release|Any CPU = Release|Any CPU
		Release|Mixed Platforms = Release|Mixed Platforms
		Release|x86 = Release|x86
	EndGlobalSection
	GlobalSection(ProjectConfigurationPlatforms) = postSolution
		{1CFB14B2-E0FF-4491-820F-490CFFBAA47A}.Debug|Any CPU.ActiveCfg = Debug|Any CPU
		{1CFB14B2-E0FF-4491-820F-490CFFBAA47A}.Debug|Any CPU.Build.0 = Debug|Any CPU
		{1CFB14B2-E0FF-4491-820F-490CFFBAA47A}.Debug|Mixed Platforms.ActiveCfg = Debug|Any CPU
		{1CFB14B2-E0FF-4491-820F-490CFFBAA47A}.Debug|Mixed Platforms.Build.0 = Debug|Any CPU
		{1CFB14B2-E0FF-4491-820F-490CFFBAA47A}.Debug|x86.ActiveCfg = Debug|Any CPU
		{1CFB14B2-E0FF-4491-820F-490CFFBAA47A}.Release|Any CPU.ActiveCfg = Release|Any CPU
		{1CFB14B2-E0FF-4491-820F-490CFFBAA47A}.Release|Any CPU.Build.0 = Release|Any CPU
		{1CFB14B2-E0FF-4491-820F-490CFFBAA47A}.Release|Mixed Platforms.ActiveCfg = Release|Any CPU
		{1CFB14B2-E0FF-4491-820F-490CFFBAA47A}.Release|Mixed Platforms.Build.0 = Release|Any CPU
		{1CFB14B2-E0FF-4491-820F-490CFFBAA47A}.Release|x86.ActiveCfg = Release|Any CPU
		{DD761CA6-0CFE-4BD9-8DF5-4BBFFA4482F0}.Debug|Any CPU.ActiveCfg = Debug|Any CPU
		{DD761CA6-0CFE-4BD9-8DF5-4BBFFA4482F0}.Debug|Any CPU.Build.0 = Debug|Any CPU
		{DD761CA6-0CFE-4BD9-8DF5-4BBFFA4482F0}.Debug|Mixed Platforms.ActiveCfg = Debug|Any CPU
		{DD761CA6-0CFE-4BD9-8DF5-4BBFFA4482F0}.Debug|Mixed Platforms.Build.0 = Debug|Any CPU
		{DD761CA6-0CFE-4BD9-8DF5-4BBFFA4482F0}.Debug|x86.ActiveCfg = Debug|Any CPU
		{DD761CA6-0CFE-4BD9-8DF5-4BBFFA4482F0}.Release|Any CPU.ActiveCfg = Release|Any CPU
		{DD761CA6-0CFE-4BD9-8DF5-4BBFFA4482F0}.Release|Any CPU.Build.0 = Release|Any CPU
		{DD761CA6-0CFE-4BD9-8DF5-4BBFFA4482F0}.Release|Mixed Platforms.ActiveCfg = Release|Any CPU
		{DD761CA6-0CFE-4BD9-8DF5-4BBFFA4482F0}.Release|Mixed Platforms.Build.0 = Release|Any CPU
		{DD761CA6-0CFE-4BD9-8DF5-4BBFFA4482F0}.Release|x86.ActiveCfg = Release|Any CPU
	EndGlobalSection
	GlobalSection(SolutionProperties) = preSolution
		HideSolutionNode = FALSE
	EndGlobalSection
EndGlobal
